// !$*UTF8*$!
{
	archiveVersion = 1;
	classes = {
	};
	objectVersion = 56;
	objects = {

/* Begin PBXBuildFile section */
		4500779C2C3D97ED00890478 /* HexagonParameters.swift in Sources */ = {isa = PBXBuildFile; fileRef = 4500779B2C3D97ED00890478 /* HexagonParameters.swift */; };
		4500779E2C3D9A5A00890478 /* BadgeBackground.swift in Sources */ = {isa = PBXBuildFile; fileRef = 4500779D2C3D9A5A00890478 /* BadgeBackground.swift */; };
		450077A02C3D9F5E00890478 /* BadgeSymbol.swift in Sources */ = {isa = PBXBuildFile; fileRef = 4500779F2C3D9F5E00890478 /* BadgeSymbol.swift */; };
		450C15A52C3D1A2300F6FE81 /* FavoriteButton.swift in Sources */ = {isa = PBXBuildFile; fileRef = 450C15A42C3D1A2300F6FE81 /* FavoriteButton.swift */; };
		452039062C3FE3A100FA766B /* CategoryHome.swift in Sources */ = {isa = PBXBuildFile; fileRef = 452039052C3FE3A100FA766B /* CategoryHome.swift */; };
		452039092C3FE91A00FA766B /* CategoryRow.swift in Sources */ = {isa = PBXBuildFile; fileRef = 452039082C3FE91A00FA766B /* CategoryRow.swift */; };
		4520390B2C3FF1AE00FA766B /* CategoryItem.swift in Sources */ = {isa = PBXBuildFile; fileRef = 4520390A2C3FF1AE00FA766B /* CategoryItem.swift */; };
		4520390D2C3FFCC500FA766B /* Profile.swift in Sources */ = {isa = PBXBuildFile; fileRef = 4520390C2C3FFCC500FA766B /* Profile.swift */; };
		4520390F2C3FFF3500FA766B /* ProfileHost.swift in Sources */ = {isa = PBXBuildFile; fileRef = 4520390E2C3FFF3500FA766B /* ProfileHost.swift */; };
		452039122C4002D400FA766B /* ProfileSummary.swift in Sources */ = {isa = PBXBuildFile; fileRef = 452039112C4002D400FA766B /* ProfileSummary.swift */; };
		452039142C403FED00FA766B /* HikeBadge.swift in Sources */ = {isa = PBXBuildFile; fileRef = 452039132C403FED00FA766B /* HikeBadge.swift */; };
		4523D3B32C3E579E0069352E /* RotatedBadgeSymbol.swift in Sources */ = {isa = PBXBuildFile; fileRef = 4523D3B22C3E579E0069352E /* RotatedBadgeSymbol.swift */; };
		4523D3B52C3E57FF0069352E /* Badge.swift in Sources */ = {isa = PBXBuildFile; fileRef = 4523D3B42C3E57FF0069352E /* Badge.swift */; };
		4523D3B82C3E5C320069352E /* hikeData.json in Resources */ = {isa = PBXBuildFile; fileRef = 4523D3B72C3E5C320069352E /* hikeData.json */; };
		4523D3BA2C3E5C9F0069352E /* Hike.swift in Sources */ = {isa = PBXBuildFile; fileRef = 4523D3B92C3E5C9F0069352E /* Hike.swift */; };
		4523D3C02C3E5F490069352E /* GraphCapsule.swift in Sources */ = {isa = PBXBuildFile; fileRef = 4523D3BB2C3E5F490069352E /* GraphCapsule.swift */; };
		4523D3C12C3E5F490069352E /* HikeDetail.swift in Sources */ = {isa = PBXBuildFile; fileRef = 4523D3BC2C3E5F490069352E /* HikeDetail.swift */; };
		4523D3C22C3E5F490069352E /* HikeGraph.swift in Sources */ = {isa = PBXBuildFile; fileRef = 4523D3BD2C3E5F490069352E /* HikeGraph.swift */; };
		4523D3C32C3E5F490069352E /* HikeView.swift in Sources */ = {isa = PBXBuildFile; fileRef = 4523D3BE2C3E5F490069352E /* HikeView.swift */; };
		4528A7062C3C034B008F541B /* LandmarkApp.swift in Sources */ = {isa = PBXBuildFile; fileRef = 4528A7052C3C034B008F541B /* LandmarkApp.swift */; };
		4528A7082C3C034B008F541B /* ContentView.swift in Sources */ = {isa = PBXBuildFile; fileRef = 4528A7072C3C034B008F541B /* ContentView.swift */; };
		4528A70A2C3C034D008F541B /* Assets.xcassets in Resources */ = {isa = PBXBuildFile; fileRef = 4528A7092C3C034D008F541B /* Assets.xcassets */; };
		4528A70D2C3C034D008F541B /* Preview Assets.xcassets in Resources */ = {isa = PBXBuildFile; fileRef = 4528A70C2C3C034D008F541B /* Preview Assets.xcassets */; };
		4528A7142C3C07F5008F541B /* CircleImage.swift in Sources */ = {isa = PBXBuildFile; fileRef = 4528A7132C3C07F5008F541B /* CircleImage.swift */; };
		4528A7162C3C08B6008F541B /* MapView.swift in Sources */ = {isa = PBXBuildFile; fileRef = 4528A7152C3C08B6008F541B /* MapView.swift */; };
		4528A7182C3C0DEC008F541B /* landmarkData.json in Resources */ = {isa = PBXBuildFile; fileRef = 4528A7172C3C0DEC008F541B /* landmarkData.json */; };
		4528A71A2C3C0E6A008F541B /* Landmark.swift in Sources */ = {isa = PBXBuildFile; fileRef = 4528A7192C3C0E6A008F541B /* Landmark.swift */; };
		4528A71C2C3C130D008F541B /* ModelData.swift in Sources */ = {isa = PBXBuildFile; fileRef = 4528A71B2C3C130D008F541B /* ModelData.swift */; };
		4528A7212C3C3687008F541B /* LandmarkRow.swift in Sources */ = {isa = PBXBuildFile; fileRef = 4528A7202C3C3687008F541B /* LandmarkRow.swift */; };
		4528A7232C3C5999008F541B /* LandmarkList.swift in Sources */ = {isa = PBXBuildFile; fileRef = 4528A7222C3C5999008F541B /* LandmarkList.swift */; };
		4528A7252C3C5C5C008F541B /* LandmarkDetail.swift in Sources */ = {isa = PBXBuildFile; fileRef = 4528A7242C3C5C5C008F541B /* LandmarkDetail.swift */; };
/* End PBXBuildFile section */

/* Begin PBXFileReference section */
		4500779B2C3D97ED00890478 /* HexagonParameters.swift */ = {isa = PBXFileReference; lastKnownFileType = sourcecode.swift; path = HexagonParameters.swift; sourceTree = "<group>"; };
		4500779D2C3D9A5A00890478 /* BadgeBackground.swift */ = {isa = PBXFileReference; lastKnownFileType = sourcecode.swift; path = BadgeBackground.swift; sourceTree = "<group>"; };
		4500779F2C3D9F5E00890478 /* BadgeSymbol.swift */ = {isa = PBXFileReference; lastKnownFileType = sourcecode.swift; path = BadgeSymbol.swift; sourceTree = "<group>"; };
		450C15A42C3D1A2300F6FE81 /* FavoriteButton.swift */ = {isa = PBXFileReference; lastKnownFileType = sourcecode.swift; path = FavoriteButton.swift; sourceTree = "<group>"; };
		452039052C3FE3A100FA766B /* CategoryHome.swift */ = {isa = PBXFileReference; lastKnownFileType = sourcecode.swift; path = CategoryHome.swift; sourceTree = "<group>"; };
		452039082C3FE91A00FA766B /* CategoryRow.swift */ = {isa = PBXFileReference; lastKnownFileType = sourcecode.swift; path = CategoryRow.swift; sourceTree = "<group>"; };
		4520390A2C3FF1AE00FA766B /* CategoryItem.swift */ = {isa = PBXFileReference; lastKnownFileType = sourcecode.swift; path = CategoryItem.swift; sourceTree = "<group>"; };
		4520390C2C3FFCC500FA766B /* Profile.swift */ = {isa = PBXFileReference; lastKnownFileType = sourcecode.swift; path = Profile.swift; sourceTree = "<group>"; };
		4520390E2C3FFF3500FA766B /* ProfileHost.swift */ = {isa = PBXFileReference; lastKnownFileType = sourcecode.swift; path = ProfileHost.swift; sourceTree = "<group>"; };
		452039112C4002D400FA766B /* ProfileSummary.swift */ = {isa = PBXFileReference; lastKnownFileType = sourcecode.swift; path = ProfileSummary.swift; sourceTree = "<group>"; };
		452039132C403FED00FA766B /* HikeBadge.swift */ = {isa = PBXFileReference; lastKnownFileType = sourcecode.swift; path = HikeBadge.swift; sourceTree = "<group>"; };
		4523D3B22C3E579E0069352E /* RotatedBadgeSymbol.swift */ = {isa = PBXFileReference; lastKnownFileType = sourcecode.swift; path = RotatedBadgeSymbol.swift; sourceTree = "<group>"; };
		4523D3B42C3E57FF0069352E /* Badge.swift */ = {isa = PBXFileReference; lastKnownFileType = sourcecode.swift; path = Badge.swift; sourceTree = "<group>"; };
		4523D3B72C3E5C320069352E /* hikeData.json */ = {isa = PBXFileReference; fileEncoding = 4; lastKnownFileType = text.json; path = hikeData.json; sourceTree = "<group>"; };
		4523D3B92C3E5C9F0069352E /* Hike.swift */ = {isa = PBXFileReference; lastKnownFileType = sourcecode.swift; path = Hike.swift; sourceTree = "<group>"; };
		4523D3BB2C3E5F490069352E /* GraphCapsule.swift */ = {isa = PBXFileReference; fileEncoding = 4; lastKnownFileType = sourcecode.swift; path = GraphCapsule.swift; sourceTree = "<group>"; };
		4523D3BC2C3E5F490069352E /* HikeDetail.swift */ = {isa = PBXFileReference; fileEncoding = 4; lastKnownFileType = sourcecode.swift; path = HikeDetail.swift; sourceTree = "<group>"; };
		4523D3BD2C3E5F490069352E /* HikeGraph.swift */ = {isa = PBXFileReference; fileEncoding = 4; lastKnownFileType = sourcecode.swift; path = HikeGraph.swift; sourceTree = "<group>"; };
		4523D3BE2C3E5F490069352E /* HikeView.swift */ = {isa = PBXFileReference; fileEncoding = 4; lastKnownFileType = sourcecode.swift; path = HikeView.swift; sourceTree = "<group>"; };
		4528A7022C3C034B008F541B /* Landmark.app */ = {isa = PBXFileReference; explicitFileType = wrapper.application; includeInIndex = 0; path = Landmark.app; sourceTree = BUILT_PRODUCTS_DIR; };
		4528A7052C3C034B008F541B /* LandmarkApp.swift */ = {isa = PBXFileReference; lastKnownFileType = sourcecode.swift; path = LandmarkApp.swift; sourceTree = "<group>"; };
		4528A7072C3C034B008F541B /* ContentView.swift */ = {isa = PBXFileReference; lastKnownFileType = sourcecode.swift; path = ContentView.swift; sourceTree = "<group>"; };
		4528A7092C3C034D008F541B /* Assets.xcassets */ = {isa = PBXFileReference; lastKnownFileType = folder.assetcatalog; path = Assets.xcassets; sourceTree = "<group>"; };
		4528A70C2C3C034D008F541B /* Preview Assets.xcassets */ = {isa = PBXFileReference; lastKnownFileType = folder.assetcatalog; path = "Preview Assets.xcassets"; sourceTree = "<group>"; };
		4528A7132C3C07F5008F541B /* CircleImage.swift */ = {isa = PBXFileReference; lastKnownFileType = sourcecode.swift; path = CircleImage.swift; sourceTree = "<group>"; };
		4528A7152C3C08B6008F541B /* MapView.swift */ = {isa = PBXFileReference; lastKnownFileType = sourcecode.swift; path = MapView.swift; sourceTree = "<group>"; };
		4528A7172C3C0DEC008F541B /* landmarkData.json */ = {isa = PBXFileReference; fileEncoding = 4; lastKnownFileType = text.json; path = landmarkData.json; sourceTree = "<group>"; };
		4528A7192C3C0E6A008F541B /* Landmark.swift */ = {isa = PBXFileReference; lastKnownFileType = sourcecode.swift; path = Landmark.swift; sourceTree = "<group>"; };
		4528A71B2C3C130D008F541B /* ModelData.swift */ = {isa = PBXFileReference; lastKnownFileType = sourcecode.swift; path = ModelData.swift; sourceTree = "<group>"; };
		4528A7202C3C3687008F541B /* LandmarkRow.swift */ = {isa = PBXFileReference; lastKnownFileType = sourcecode.swift; path = LandmarkRow.swift; sourceTree = "<group>"; };
		4528A7222C3C5999008F541B /* LandmarkList.swift */ = {isa = PBXFileReference; lastKnownFileType = sourcecode.swift; path = LandmarkList.swift; sourceTree = "<group>"; };
		4528A7242C3C5C5C008F541B /* LandmarkDetail.swift */ = {isa = PBXFileReference; lastKnownFileType = sourcecode.swift; path = LandmarkDetail.swift; sourceTree = "<group>"; };
/* End PBXFileReference section */

/* Begin PBXFrameworksBuildPhase section */
		4528A6FF2C3C034B008F541B /* Frameworks */ = {
			isa = PBXFrameworksBuildPhase;
			buildActionMask = 2147483647;
			files = (
			);
			runOnlyForDeploymentPostprocessing = 0;
		};
/* End PBXFrameworksBuildPhase section */

/* Begin PBXGroup section */
		450C15A62C3D1B4F00F6FE81 /* Helper */ = {
			isa = PBXGroup;
			children = (
				4528A7152C3C08B6008F541B /* MapView.swift */,
				4528A7132C3C07F5008F541B /* CircleImage.swift */,
				450C15A42C3D1A2300F6FE81 /* FavoriteButton.swift */,
			);
			path = Helper;
			sourceTree = "<group>";
		};
		450C15A82C3D1B8200F6FE81 /* Landmarks */ = {
			isa = PBXGroup;
			children = (
				4528A7222C3C5999008F541B /* LandmarkList.swift */,
				4528A7202C3C3687008F541B /* LandmarkRow.swift */,
				4528A7242C3C5C5C008F541B /* LandmarkDetail.swift */,
			);
			path = Landmarks;
			sourceTree = "<group>";
		};
		452039072C3FE3B900FA766B /* Categories */ = {
			isa = PBXGroup;
			children = (
				452039052C3FE3A100FA766B /* CategoryHome.swift */,
				452039082C3FE91A00FA766B /* CategoryRow.swift */,
				4520390A2C3FF1AE00FA766B /* CategoryItem.swift */,
			);
			path = Categories;
			sourceTree = "<group>";
		};
		452039102C3FFF3D00FA766B /* Profiles */ = {
			isa = PBXGroup;
			children = (
				4520390E2C3FFF3500FA766B /* ProfileHost.swift */,
				452039112C4002D400FA766B /* ProfileSummary.swift */,
			);
			path = Profiles;
			sourceTree = "<group>";
		};
		4523D3B62C3E595C0069352E /* Badges */ = {
			isa = PBXGroup;
			children = (
				4500779B2C3D97ED00890478 /* HexagonParameters.swift */,
				4523D3B22C3E579E0069352E /* RotatedBadgeSymbol.swift */,
				4500779D2C3D9A5A00890478 /* BadgeBackground.swift */,
				4500779F2C3D9F5E00890478 /* BadgeSymbol.swift */,
				4523D3B42C3E57FF0069352E /* Badge.swift */,
			);
			path = Badges;
			sourceTree = "<group>";
		};
		4523D3BF2C3E5F490069352E /* Hikes */ = {
			isa = PBXGroup;
			children = (
				4523D3BB2C3E5F490069352E /* GraphCapsule.swift */,
				4523D3BC2C3E5F490069352E /* HikeDetail.swift */,
				4523D3BD2C3E5F490069352E /* HikeGraph.swift */,
				4523D3BE2C3E5F490069352E /* HikeView.swift */,
				452039132C403FED00FA766B /* HikeBadge.swift */,
			);
			path = Hikes;
			sourceTree = "<group>";
		};
		4528A6F92C3C034B008F541B = {
			isa = PBXGroup;
			children = (
				4528A7042C3C034B008F541B /* Landmark */,
				4528A7032C3C034B008F541B /* Products */,
			);
			sourceTree = "<group>";
		};
		4528A7032C3C034B008F541B /* Products */ = {
			isa = PBXGroup;
			children = (
				4528A7022C3C034B008F541B /* Landmark.app */,
			);
			name = Products;
			sourceTree = "<group>";
		};
		4528A7042C3C034B008F541B /* Landmark */ = {
			isa = PBXGroup;
			children = (
				4528A7052C3C034B008F541B /* LandmarkApp.swift */,
				4528A71E2C3C3615008F541B /* Views */,
				4528A71D2C3C35BB008F541B /* Model */,
				4528A71F2C3C3630008F541B /* Resources */,
				4528A7092C3C034D008F541B /* Assets.xcassets */,
				4528A70B2C3C034D008F541B /* Preview Content */,
			);
			path = Landmark;
			sourceTree = "<group>";
		};
		4528A70B2C3C034D008F541B /* Preview Content */ = {
			isa = PBXGroup;
			children = (
				4528A70C2C3C034D008F541B /* Preview Assets.xcassets */,
			);
			path = "Preview Content";
			sourceTree = "<group>";
		};
		4528A71D2C3C35BB008F541B /* Model */ = {
			isa = PBXGroup;
			children = (
				4528A71B2C3C130D008F541B /* ModelData.swift */,
				4528A7192C3C0E6A008F541B /* Landmark.swift */,
				4523D3B92C3E5C9F0069352E /* Hike.swift */,
				4520390C2C3FFCC500FA766B /* Profile.swift */,
			);
			path = Model;
			sourceTree = "<group>";
		};
		4528A71E2C3C3615008F541B /* Views */ = {
			isa = PBXGroup;
			children = (
				4528A7072C3C034B008F541B /* ContentView.swift */,
				450C15A82C3D1B8200F6FE81 /* Landmarks */,
				4523D3BF2C3E5F490069352E /* Hikes */,
				4523D3B62C3E595C0069352E /* Badges */,
				450C15A62C3D1B4F00F6FE81 /* Helper */,
				452039072C3FE3B900FA766B /* Categories */,
				452039102C3FFF3D00FA766B /* Profiles */,
			);
			path = Views;
			sourceTree = "<group>";
		};
		4528A71F2C3C3630008F541B /* Resources */ = {
			isa = PBXGroup;
			children = (
				4528A7172C3C0DEC008F541B /* landmarkData.json */,
				4523D3B72C3E5C320069352E /* hikeData.json */,
			);
			path = Resources;
			sourceTree = "<group>";
		};
/* End PBXGroup section */

/* Begin PBXNativeTarget section */
		4528A7012C3C034B008F541B /* Landmark */ = {
			isa = PBXNativeTarget;
			buildConfigurationList = 4528A7102C3C034D008F541B /* Build configuration list for PBXNativeTarget "Landmark" */;
			buildPhases = (
				4528A6FE2C3C034B008F541B /* Sources */,
				4528A6FF2C3C034B008F541B /* Frameworks */,
				4528A7002C3C034B008F541B /* Resources */,
			);
			buildRules = (
			);
			dependencies = (
			);
			name = Landmark;
			productName = Landmark;
			productReference = 4528A7022C3C034B008F541B /* Landmark.app */;
			productType = "com.apple.product-type.application";
		};
/* End PBXNativeTarget section */

/* Begin PBXProject section */
		4528A6FA2C3C034B008F541B /* Project object */ = {
			isa = PBXProject;
			attributes = {
				BuildIndependentTargetsInParallel = 1;
				LastSwiftUpdateCheck = 1540;
				LastUpgradeCheck = 1540;
				TargetAttributes = {
					4528A7012C3C034B008F541B = {
						CreatedOnToolsVersion = 15.4;
					};
				};
			};
			buildConfigurationList = 4528A6FD2C3C034B008F541B /* Build configuration list for PBXProject "Landmark" */;
			compatibilityVersion = "Xcode 14.0";
			developmentRegion = en;
			hasScannedForEncodings = 0;
			knownRegions = (
				en,
				Base,
			);
			mainGroup = 4528A6F92C3C034B008F541B;
			productRefGroup = 4528A7032C3C034B008F541B /* Products */;
			projectDirPath = "";
			projectRoot = "";
			targets = (
				4528A7012C3C034B008F541B /* Landmark */,
			);
		};
/* End PBXProject section */

/* Begin PBXResourcesBuildPhase section */
		4528A7002C3C034B008F541B /* Resources */ = {
			isa = PBXResourcesBuildPhase;
			buildActionMask = 2147483647;
			files = (
				4523D3B82C3E5C320069352E /* hikeData.json in Resources */,
				4528A70D2C3C034D008F541B /* Preview Assets.xcassets in Resources */,
				4528A70A2C3C034D008F541B /* Assets.xcassets in Resources */,
				4528A7182C3C0DEC008F541B /* landmarkData.json in Resources */,
			);
			runOnlyForDeploymentPostprocessing = 0;
		};
/* End PBXResourcesBuildPhase section */

/* Begin PBXSourcesBuildPhase section */
		4528A6FE2C3C034B008F541B /* Sources */ = {
			isa = PBXSourcesBuildPhase;
			buildActionMask = 2147483647;
			files = (
				452039092C3FE91A00FA766B /* CategoryRow.swift in Sources */,
				4520390D2C3FFCC500FA766B /* Profile.swift in Sources */,
				4528A7082C3C034B008F541B /* ContentView.swift in Sources */,
				452039062C3FE3A100FA766B /* CategoryHome.swift in Sources */,
				4523D3B52C3E57FF0069352E /* Badge.swift in Sources */,
				4528A7162C3C08B6008F541B /* MapView.swift in Sources */,
				4523D3C02C3E5F490069352E /* GraphCapsule.swift in Sources */,
				4523D3C22C3E5F490069352E /* HikeGraph.swift in Sources */,
				4528A7062C3C034B008F541B /* LandmarkApp.swift in Sources */,
				450C15A52C3D1A2300F6FE81 /* FavoriteButton.swift in Sources */,
				4520390B2C3FF1AE00FA766B /* CategoryItem.swift in Sources */,
				4500779C2C3D97ED00890478 /* HexagonParameters.swift in Sources */,
				452039122C4002D400FA766B /* ProfileSummary.swift in Sources */,
				4523D3BA2C3E5C9F0069352E /* Hike.swift in Sources */,
				4520390F2C3FFF3500FA766B /* ProfileHost.swift in Sources */,
				4523D3B32C3E579E0069352E /* RotatedBadgeSymbol.swift in Sources */,
				450077A02C3D9F5E00890478 /* BadgeSymbol.swift in Sources */,
				4528A7232C3C5999008F541B /* LandmarkList.swift in Sources */,
				4523D3C12C3E5F490069352E /* HikeDetail.swift in Sources */,
				4523D3C32C3E5F490069352E /* HikeView.swift in Sources */,
				4528A7252C3C5C5C008F541B /* LandmarkDetail.swift in Sources */,
				4500779E2C3D9A5A00890478 /* BadgeBackground.swift in Sources */,
				452039142C403FED00FA766B /* HikeBadge.swift in Sources */,
				4528A7142C3C07F5008F541B /* CircleImage.swift in Sources */,
				4528A71A2C3C0E6A008F541B /* Landmark.swift in Sources */,
				4528A7212C3C3687008F541B /* LandmarkRow.swift in Sources */,
				4528A71C2C3C130D008F541B /* ModelData.swift in Sources */,
			);
			runOnlyForDeploymentPostprocessing = 0;
		};
/* End PBXSourcesBuildPhase section */

/* Begin XCBuildConfiguration section */
		4528A70E2C3C034D008F541B /* Debug */ = {
			isa = XCBuildConfiguration;
			buildSettings = {
				ALWAYS_SEARCH_USER_PATHS = NO;
				ASSETCATALOG_COMPILER_GENERATE_SWIFT_ASSET_SYMBOL_EXTENSIONS = YES;
				CLANG_ANALYZER_NONNULL = YES;
				CLANG_ANALYZER_NUMBER_OBJECT_CONVERSION = YES_AGGRESSIVE;
				CLANG_CXX_LANGUAGE_STANDARD = "gnu++20";
				CLANG_ENABLE_MODULES = YES;
				CLANG_ENABLE_OBJC_ARC = YES;
				CLANG_ENABLE_OBJC_WEAK = YES;
				CLANG_WARN_BLOCK_CAPTURE_AUTORELEASING = YES;
				CLANG_WARN_BOOL_CONVERSION = YES;
				CLANG_WARN_COMMA = YES;
				CLANG_WARN_CONSTANT_CONVERSION = YES;
				CLANG_WARN_DEPRECATED_OBJC_IMPLEMENTATIONS = YES;
				CLANG_WARN_DIRECT_OBJC_ISA_USAGE = YES_ERROR;
				CLANG_WARN_DOCUMENTATION_COMMENTS = YES;
				CLANG_WARN_EMPTY_BODY = YES;
				CLANG_WARN_ENUM_CONVERSION = YES;
				CLANG_WARN_INFINITE_RECURSION = YES;
				CLANG_WARN_INT_CONVERSION = YES;
				CLANG_WARN_NON_LITERAL_NULL_CONVERSION = YES;
				CLANG_WARN_OBJC_IMPLICIT_RETAIN_SELF = YES;
				CLANG_WARN_OBJC_LITERAL_CONVERSION = YES;
				CLANG_WARN_OBJC_ROOT_CLASS = YES_ERROR;
				CLANG_WARN_QUOTED_INCLUDE_IN_FRAMEWORK_HEADER = YES;
				CLANG_WARN_RANGE_LOOP_ANALYSIS = YES;
				CLANG_WARN_STRICT_PROTOTYPES = YES;
				CLANG_WARN_SUSPICIOUS_MOVE = YES;
				CLANG_WARN_UNGUARDED_AVAILABILITY = YES_AGGRESSIVE;
				CLANG_WARN_UNREACHABLE_CODE = YES;
				CLANG_WARN__DUPLICATE_METHOD_MATCH = YES;
				COPY_PHASE_STRIP = NO;
				DEBUG_INFORMATION_FORMAT = dwarf;
				ENABLE_STRICT_OBJC_MSGSEND = YES;
				ENABLE_TESTABILITY = YES;
				ENABLE_USER_SCRIPT_SANDBOXING = YES;
				GCC_C_LANGUAGE_STANDARD = gnu17;
				GCC_DYNAMIC_NO_PIC = NO;
				GCC_NO_COMMON_BLOCKS = YES;
				GCC_OPTIMIZATION_LEVEL = 0;
				GCC_PREPROCESSOR_DEFINITIONS = (
					"DEBUG=1",
					"$(inherited)",
				);
				GCC_WARN_64_TO_32_BIT_CONVERSION = YES;
				GCC_WARN_ABOUT_RETURN_TYPE = YES_ERROR;
				GCC_WARN_UNDECLARED_SELECTOR = YES;
				GCC_WARN_UNINITIALIZED_AUTOS = YES_AGGRESSIVE;
				GCC_WARN_UNUSED_FUNCTION = YES;
				GCC_WARN_UNUSED_VARIABLE = YES;
				IPHONEOS_DEPLOYMENT_TARGET = 17.5;
				LOCALIZATION_PREFERS_STRING_CATALOGS = YES;
				MTL_ENABLE_DEBUG_INFO = INCLUDE_SOURCE;
				MTL_FAST_MATH = YES;
				ONLY_ACTIVE_ARCH = YES;
				SDKROOT = iphoneos;
				SWIFT_ACTIVE_COMPILATION_CONDITIONS = "DEBUG $(inherited)";
				SWIFT_OPTIMIZATION_LEVEL = "-Onone";
			};
			name = Debug;
		};
		4528A70F2C3C034D008F541B /* Release */ = {
			isa = XCBuildConfiguration;
			buildSettings = {
				ALWAYS_SEARCH_USER_PATHS = NO;
				ASSETCATALOG_COMPILER_GENERATE_SWIFT_ASSET_SYMBOL_EXTENSIONS = YES;
				CLANG_ANALYZER_NONNULL = YES;
				CLANG_ANALYZER_NUMBER_OBJECT_CONVERSION = YES_AGGRESSIVE;
				CLANG_CXX_LANGUAGE_STANDARD = "gnu++20";
				CLANG_ENABLE_MODULES = YES;
				CLANG_ENABLE_OBJC_ARC = YES;
				CLANG_ENABLE_OBJC_WEAK = YES;
				CLANG_WARN_BLOCK_CAPTURE_AUTORELEASING = YES;
				CLANG_WARN_BOOL_CONVERSION = YES;
				CLANG_WARN_COMMA = YES;
				CLANG_WARN_CONSTANT_CONVERSION = YES;
				CLANG_WARN_DEPRECATED_OBJC_IMPLEMENTATIONS = YES;
				CLANG_WARN_DIRECT_OBJC_ISA_USAGE = YES_ERROR;
				CLANG_WARN_DOCUMENTATION_COMMENTS = YES;
				CLANG_WARN_EMPTY_BODY = YES;
				CLANG_WARN_ENUM_CONVERSION = YES;
				CLANG_WARN_INFINITE_RECURSION = YES;
				CLANG_WARN_INT_CONVERSION = YES;
				CLANG_WARN_NON_LITERAL_NULL_CONVERSION = YES;
				CLANG_WARN_OBJC_IMPLICIT_RETAIN_SELF = YES;
				CLANG_WARN_OBJC_LITERAL_CONVERSION = YES;
				CLANG_WARN_OBJC_ROOT_CLASS = YES_ERROR;
				CLANG_WARN_QUOTED_INCLUDE_IN_FRAMEWORK_HEADER = YES;
				CLANG_WARN_RANGE_LOOP_ANALYSIS = YES;
				CLANG_WARN_STRICT_PROTOTYPES = YES;
				CLANG_WARN_SUSPICIOUS_MOVE = YES;
				CLANG_WARN_UNGUARDED_AVAILABILITY = YES_AGGRESSIVE;
				CLANG_WARN_UNREACHABLE_CODE = YES;
				CLANG_WARN__DUPLICATE_METHOD_MATCH = YES;
				COPY_PHASE_STRIP = NO;
				DEBUG_INFORMATION_FORMAT = "dwarf-with-dsym";
				ENABLE_NS_ASSERTIONS = NO;
				ENABLE_STRICT_OBJC_MSGSEND = YES;
				ENABLE_USER_SCRIPT_SANDBOXING = YES;
				GCC_C_LANGUAGE_STANDARD = gnu17;
				GCC_NO_COMMON_BLOCKS = YES;
				GCC_WARN_64_TO_32_BIT_CONVERSION = YES;
				GCC_WARN_ABOUT_RETURN_TYPE = YES_ERROR;
				GCC_WARN_UNDECLARED_SELECTOR = YES;
				GCC_WARN_UNINITIALIZED_AUTOS = YES_AGGRESSIVE;
				GCC_WARN_UNUSED_FUNCTION = YES;
				GCC_WARN_UNUSED_VARIABLE = YES;
				IPHONEOS_DEPLOYMENT_TARGET = 17.5;
				LOCALIZATION_PREFERS_STRING_CATALOGS = YES;
				MTL_ENABLE_DEBUG_INFO = NO;
				MTL_FAST_MATH = YES;
				SDKROOT = iphoneos;
				SWIFT_COMPILATION_MODE = wholemodule;
				VALIDATE_PRODUCT = YES;
			};
			name = Release;
		};
		4528A7112C3C034D008F541B /* Debug */ = {
			isa = XCBuildConfiguration;
			buildSettings = {
				ASSETCATALOG_COMPILER_APPICON_NAME = AppIcon;
				ASSETCATALOG_COMPILER_GLOBAL_ACCENT_COLOR_NAME = AccentColor;
				CODE_SIGN_STYLE = Automatic;
				CURRENT_PROJECT_VERSION = 1;
				DEVELOPMENT_ASSET_PATHS = "\"Landmark/Preview Content\"";
				DEVELOPMENT_TEAM = 75RPJYM6U7;
				ENABLE_PREVIEWS = YES;
				GENERATE_INFOPLIST_FILE = YES;
				INFOPLIST_KEY_UIApplicationSceneManifest_Generation = YES;
				INFOPLIST_KEY_UIApplicationSupportsIndirectInputEvents = YES;
				INFOPLIST_KEY_UILaunchScreen_Generation = YES;
				INFOPLIST_KEY_UISupportedInterfaceOrientations_iPad = "UIInterfaceOrientationPortrait UIInterfaceOrientationPortraitUpsideDown UIInterfaceOrientationLandscapeLeft UIInterfaceOrientationLandscapeRight";
				INFOPLIST_KEY_UISupportedInterfaceOrientations_iPhone = "UIInterfaceOrientationPortrait UIInterfaceOrientationLandscapeLeft UIInterfaceOrientationLandscapeRight";
				LD_RUNPATH_SEARCH_PATHS = (
					"$(inherited)",
					"@executable_path/Frameworks",
				);
				MARKETING_VERSION = 1.0;
				PRODUCT_BUNDLE_IDENTIFIER = com.sagar.Landmark;
				PRODUCT_NAME = "$(TARGET_NAME)";
				SWIFT_EMIT_LOC_STRINGS = YES;
				SWIFT_VERSION = 5.0;
				TARGETED_DEVICE_FAMILY = "1,2";
			};
			name = Debug;
		};
		4528A7122C3C034D008F541B /* Release */ = {
			isa = XCBuildConfiguration;
			buildSettings = {
				ASSETCATALOG_COMPILER_APPICON_NAME = AppIcon;
				ASSETCATALOG_COMPILER_GLOBAL_ACCENT_COLOR_NAME = AccentColor;
				CODE_SIGN_STYLE = Automatic;
				CURRENT_PROJECT_VERSION = 1;
				DEVELOPMENT_ASSET_PATHS = "\"Landmark/Preview Content\"";
				DEVELOPMENT_TEAM = 75RPJYM6U7;
				ENABLE_PREVIEWS = YES;
				GENERATE_INFOPLIST_FILE = YES;
				INFOPLIST_KEY_UIApplicationSceneManifest_Generation = YES;
				INFOPLIST_KEY_UIApplicationSupportsIndirectInputEvents = YES;
				INFOPLIST_KEY_UILaunchScreen_Generation = YES;
				INFOPLIST_KEY_UISupportedInterfaceOrientations_iPad = "UIInterfaceOrientationPortrait UIInterfaceOrientationPortraitUpsideDown UIInterfaceOrientationLandscapeLeft UIInterfaceOrientationLandscapeRight";
				INFOPLIST_KEY_UISupportedInterfaceOrientations_iPhone = "UIInterfaceOrientationPortrait UIInterfaceOrientationLandscapeLeft UIInterfaceOrientationLandscapeRight";
				LD_RUNPATH_SEARCH_PATHS = (
					"$(inherited)",
					"@executable_path/Frameworks",
				);
				MARKETING_VERSION = 1.0;
				PRODUCT_BUNDLE_IDENTIFIER = com.sagar.Landmark;
				PRODUCT_NAME = "$(TARGET_NAME)";
				SWIFT_EMIT_LOC_STRINGS = YES;
				SWIFT_VERSION = 5.0;
				TARGETED_DEVICE_FAMILY = "1,2";
			};
			name = Release;
		};
/* End XCBuildConfiguration section */

/* Begin XCConfigurationList section */
		4528A6FD2C3C034B008F541B /* Build configuration list for PBXProject "Landmark" */ = {
			isa = XCConfigurationList;
			buildConfigurations = (
				4528A70E2C3C034D008F541B /* Debug */,
				4528A70F2C3C034D008F541B /* Release */,
			);
			defaultConfigurationIsVisible = 0;
			defaultConfigurationName = Release;
		};
		4528A7102C3C034D008F541B /* Build configuration list for PBXNativeTarget "Landmark" */ = {
			isa = XCConfigurationList;
			buildConfigurations = (
				4528A7112C3C034D008F541B /* Debug */,
				4528A7122C3C034D008F541B /* Release */,
			);
			defaultConfigurationIsVisible = 0;
			defaultConfigurationName = Release;
		};
/* End XCConfigurationList section */
	};
	rootObject = 4528A6FA2C3C034B008F541B /* Project object */;
}
